
Microsoft Visual Studio Solution File, Format Version 12.00
# Visual Studio 14
VisualStudioVersion = 14.0.25420.1
MinimumVisualStudioVersion = 10.0.40219.1
Project("{FAE04EC0-301F-11D3-BF4B-00C04F79EFBC}") = "NuPendency", "NuPendency\NuPendency.csproj", "{8F02A2A3-0029-4194-A276-6937496AA93E}"
EndProject
Project("{FAE04EC0-301F-11D3-BF4B-00C04F79EFBC}") = "NuPendency.Core", "NuPendency.Core\NuPendency.Core.csproj", "{2B380EF6-522C-4215-91BC-4BA66AD6BCD1}"
EndProject
Project("{FAE04EC0-301F-11D3-BF4B-00C04F79EFBC}") = "NuPendency.Interfaces", "NuPendency.Interfaces\NuPendency.Interfaces.csproj", "{596352AA-7C2F-4AA2-8187-91C0740FFBF4}"
EndProject
Project("{FAE04EC0-301F-11D3-BF4B-00C04F79EFBC}") = "NuPendency.Gui", "NuPendency.Gui\NuPendency.Gui.csproj", "{153D7329-B99B-4E5D-87A9-3382D7C80576}"
EndProject
Project("{FAE04EC0-301F-11D3-BF4B-00C04F79EFBC}") = "NuPendency.Commons", "NuPendency.Commons\NuPendency.Commons.csproj", "{B44C2990-03EF-42C1-BE9B-FE002E88681E}"
EndProject
Global
	GlobalSection(SolutionConfigurationPlatforms) = preSolution
		Debug|Any CPU = Debug|Any CPU
		Release|Any CPU = Release|Any CPU
	EndGlobalSection
	GlobalSection(ProjectConfigurationPlatforms) = postSolution
		{8F02A2A3-0029-4194-A276-6937496AA93E}.Debug|Any CPU.ActiveCfg = Debug|Any CPU
		{8F02A2A3-0029-4194-A276-6937496AA93E}.Debug|Any CPU.Build.0 = Debug|Any CPU
		{8F02A2A3-0029-4194-A276-6937496AA93E}.Release|Any CPU.ActiveCfg = Release|Any CPU
		{8F02A2A3-0029-4194-A276-6937496AA93E}.Release|Any CPU.Build.0 = Release|Any CPU
		{2B380EF6-522C-4215-91BC-4BA66AD6BCD1}.Debug|Any CPU.ActiveCfg = Debug|Any CPU
		{2B380EF6-522C-4215-91BC-4BA66AD6BCD1}.Debug|Any CPU.Build.0 = Debug|Any CPU
		{2B380EF6-522C-4215-91BC-4BA66AD6BCD1}.Release|Any CPU.ActiveCfg = Release|Any CPU
		{2B380EF6-522C-4215-91BC-4BA66AD6BCD1}.Release|Any CPU.Build.0 = Release|Any CPU
		{596352AA-7C2F-4AA2-8187-91C0740FFBF4}.Debug|Any CPU.ActiveCfg = Debug|Any CPU
		{596352AA-7C2F-4AA2-8187-91C0740FFBF4}.Debug|Any CPU.Build.0 = Debug|Any CPU
		{596352AA-7C2F-4AA2-8187-91C0740FFBF4}.Release|Any CPU.ActiveCfg = Release|Any CPU
		{596352AA-7C2F-4AA2-8187-91C0740FFBF4}.Release|Any CPU.Build.0 = Release|Any CPU
		{153D7329-B99B-4E5D-87A9-3382D7C80576}.Debug|Any CPU.ActiveCfg = Debug|Any CPU
		{153D7329-B99B-4E5D-87A9-3382D7C80576}.Debug|Any CPU.Build.0 = Debug|Any CPU
		{153D7329-B99B-4E5D-87A9-3382D7C80576}.Release|Any CPU.ActiveCfg = Release|Any CPU
		{153D7329-B99B-4E5D-87A9-3382D7C80576}.Release|Any CPU.Build.0 = Release|Any CPU
		{B44C2990-03EF-42C1-BE9B-FE002E88681E}.Debug|Any CPU.ActiveCfg = Debug|Any CPU
		{B44C2990-03EF-42C1-BE9B-FE002E88681E}.Debug|Any CPU.Build.0 = Debug|Any CPU
		{B44C2990-03EF-42C1-BE9B-FE002E88681E}.Release|Any CPU.ActiveCfg = Release|Any CPU
		{B44C2990-03EF-42C1-BE9B-FE002E88681E}.Release|Any CPU.Build.0 = Release|Any CPU
	EndGlobalSection
	GlobalSection(SolutionProperties) = preSolution
		HideSolutionNode = FALSE
	EndGlobalSection
EndGlobal
